{
  "version": 4,
  "terraform_version": "1.5.7",
  "serial": 124,
  "lineage": "feaccbcc-bf8c-537c-3acb-6136f46c2b06",
  "outputs": {
    "api_url": {
      "value": "http://apitest.knowhereto.ai",
      "type": "string"
    },
    "cloudwatch_log_group": {
      "value": "/aws/ec2/knowhere-test",
      "type": "string"
    },
    "database_endpoint": {
      "value": "database-test.c1wc0ioeon9g.us-west-1.rds.amazonaws.com:5432",
      "type": "string"
    },
    "deployment_instructions": {
      "value": "部署完成！请按以下步骤操作：\n\n1. SSH到实例：\n   ssh -i ~/.ssh/Knowhere-Test.pem ubuntu@18.144.15.15\n\n2. 配置DNS（在Squarespace中）：\n   apitest.knowhereto.ai -\u003e 18.144.15.15\n   test.knowhereto.ai -\u003e 18.144.15.15\n\n3. 运行首次配置：\n   cd /opt/knowhere/deploy/aws-ec2/scripts\n   sudo ./provision-instance.sh\n\n4. 部署应用：\n   sudo ./deploy-app.sh\n\n5. 访问应用：\n   API: http://apitest.knowhereto.ai\n   Web: http://test.knowhereto.ai\n",
      "type": "string"
    },
    "instance_dns_name": {
      "value": "ec2-18-144-15-15.us-west-1.compute.amazonaws.com",
      "type": "string"
    },
    "instance_id": {
      "value": "i-0c9b2ba8283e18b71",
      "type": "string"
    },
    "instance_private_ip": {
      "value": "172.31.29.60",
      "type": "string"
    },
    "instance_public_ip": {
      "value": "18.144.15.15",
      "type": "string"
    },
    "redis_endpoint": {
      "value": "knowhere-test-redis.y0wvdd.ng.0001.usw1.cache.amazonaws.com",
      "type": "string"
    },
    "s3_bucket_name": {
      "value": "knowhere-api-dev",
      "type": "string"
    },
    "security_group_id": {
      "value": "sg-00db88058f5db1270",
      "type": "string"
    },
    "ssh_command": {
      "value": "ssh -i ~/.ssh/Knowhere-Test.pem ubuntu@18.144.15.15",
      "type": "string"
    },
    "vpc_id": {
      "value": "vpc-09f6daf4d60f2eb0b",
      "type": "string"
    },
    "web_url": {
      "value": "http://test.knowhereto.ai",
      "type": "string"
    }
  },
  "resources": [
    {
      "mode": "data",
      "type": "aws_ami",
      "name": "ubuntu_2204",
      "provider": "provider[\"registry.terraform.io/hashicorp/aws\"]",
      "instances": [
        {
          "schema_version": 0,
          "attributes": {
            "architecture": "x86_64",
            "arn": "arn:aws:ec2:us-west-1::image/ami-04f34746e5e1ec0fe",
            "block_device_mappings": [
              {
                "device_name": "/dev/sda1",
                "ebs": {
                  "delete_on_termination": "true",
                  "encrypted": "false",
                  "iops": "0",
                  "snapshot_id": "snap-0e3a4a4d963d73d9a",
                  "throughput": "0",
                  "volume_initialization_rate": "0",
                  "volume_size": "8",
                  "volume_type": "gp2"
                },
                "no_device": "",
                "virtual_name": ""
              },
              {
                "device_name": "/dev/sdb",
                "ebs": {},
                "no_device": "",
                "virtual_name": "ephemeral0"
              },
              {
                "device_name": "/dev/sdc",
                "ebs": {},
                "no_device": "",
                "virtual_name": "ephemeral1"
              }
            ],
            "boot_mode": "uefi-preferred",
            "creation_date": "2025-10-15T08:05:25.000Z",
            "deprecation_time": "2027-10-15T08:05:25.000Z",
            "description": "Canonical, Ubuntu, 22.04, amd64 jammy image",
            "ena_support": true,
            "executable_users": null,
            "filter": [
              {
                "name": "name",
                "values": [
                  "ubuntu/images/hvm-ssd/ubuntu-jammy-22.04-amd64-server-*"
                ]
              },
              {
                "name": "virtualization-type",
                "values": [
                  "hvm"
                ]
              }
            ],
            "hypervisor": "xen",
            "id": "ami-04f34746e5e1ec0fe",
            "image_id": "ami-04f34746e5e1ec0fe",
            "image_location": "amazon/ubuntu/images/hvm-ssd/ubuntu-jammy-22.04-amd64-server-20251015",
            "image_owner_alias": "amazon",
            "image_type": "machine",
            "imds_support": "",
            "include_deprecated": false,
            "kernel_id": "",
            "last_launched_time": "",
            "most_recent": true,
            "name": "ubuntu/images/hvm-ssd/ubuntu-jammy-22.04-amd64-server-20251015",
            "name_regex": null,
            "owner_id": "099720109477",
            "owners": [
              "099720109477"
            ],
            "platform": "",
            "platform_details": "Linux/UNIX",
            "product_codes": [],
            "public": true,
            "ramdisk_id": "",
            "root_device_name": "/dev/sda1",
            "root_device_type": "ebs",
            "root_snapshot_id": "snap-0e3a4a4d963d73d9a",
            "sriov_net_support": "simple",
            "state": "available",
            "state_reason": {
              "code": "UNSET",
              "message": "UNSET"
            },
            "tags": {},
            "timeouts": null,
            "tpm_support": "",
            "uefi_data": null,
            "usage_operation": "RunInstances",
            "virtualization_type": "hvm"
          },
          "sensitive_attributes": []
        }
      ]
    },
    {
      "mode": "data",
      "type": "aws_availability_zones",
      "name": "available",
      "provider": "provider[\"registry.terraform.io/hashicorp/aws\"]",
      "instances": [
        {
          "schema_version": 0,
          "attributes": {
            "all_availability_zones": null,
            "exclude_names": null,
            "exclude_zone_ids": null,
            "filter": null,
            "group_names": [
              "us-west-1-zg-1"
            ],
            "id": "us-west-1",
            "names": [
              "us-west-1a",
              "us-west-1c"
            ],
            "state": "available",
            "timeouts": null,
            "zone_ids": [
              "usw1-az1",
              "usw1-az3"
            ]
          },
          "sensitive_attributes": []
        }
      ]
    },
    {
      "mode": "data",
      "type": "aws_caller_identity",
      "name": "current",
      "provider": "provider[\"registry.terraform.io/hashicorp/aws\"]",
      "instances": [
        {
          "schema_version": 0,
          "attributes": {
            "account_id": "092601323290",
            "arn": "arn:aws:iam::092601323290:root",
            "id": "092601323290",
            "user_id": "092601323290"
          },
          "sensitive_attributes": []
        }
      ]
    },
    {
      "mode": "data",
      "type": "aws_db_instance",
      "name": "existing",
      "provider": "provider[\"registry.terraform.io/hashicorp/aws\"]",
      "instances": [
        {
          "index_key": 0,
          "schema_version": 0,
          "attributes": {
            "address": "database-test.c1wc0ioeon9g.us-west-1.rds.amazonaws.com",
            "allocated_storage": 20,
            "auto_minor_version_upgrade": true,
            "availability_zone": "us-west-1a",
            "backup_retention_period": 7,
            "ca_cert_identifier": "rds-ca-rsa2048-g1",
            "database_insights_mode": "standard",
            "db_cluster_identifier": "",
            "db_instance_arn": "arn:aws:rds:us-west-1:092601323290:db:database-test",
            "db_instance_class": "db.t4g.micro",
            "db_instance_identifier": "database-test",
            "db_instance_port": 0,
            "db_name": "",
            "db_parameter_groups": [
              "default.postgres17"
            ],
            "db_subnet_group": "rds-ec2-db-subnet-group-1",
            "enabled_cloudwatch_logs_exports": [],
            "endpoint": "database-test.c1wc0ioeon9g.us-west-1.rds.amazonaws.com:5432",
            "engine": "postgres",
            "engine_version": "17.4",
            "hosted_zone_id": "Z10WI91S59XXQN",
            "id": "database-test",
            "iops": 0,
            "kms_key_id": "arn:aws:kms:us-west-1:092601323290:key/22c63dee-bd1d-485f-97b9-abfe419a0926",
            "license_model": "postgresql-license",
            "master_user_secret": null,
            "master_username": "postgres",
            "max_allocated_storage": 1000,
            "monitoring_interval": 60,
            "monitoring_role_arn": "arn:aws:iam::092601323290:role/rds-monitoring-role",
            "multi_az": false,
            "network_type": "IPV4",
            "option_group_memberships": [
              "default:postgres-17"
            ],
            "port": 5432,
            "preferred_backup_window": "10:25-10:55",
            "preferred_maintenance_window": "thu:06:39-thu:07:09",
            "publicly_accessible": false,
            "replicate_source_db": "",
            "resource_id": "db-5FVI7NONF36NNB4L6D4JU65SLE",
            "storage_encrypted": true,
            "storage_throughput": 0,
            "storage_type": "gp2",
            "tags": {},
            "timezone": "",
            "vpc_security_groups": [
              "sg-0cc63dcc1adf7c67b"
            ]
          },
          "sensitive_attributes": []
        }
      ]
    },
    {
      "mode": "data",
      "type": "aws_instance",
      "name": "existing",
      "provider": "provider[\"registry.terraform.io/hashicorp/aws\"]",
      "instances": [
        {
          "index_key": 0,
          "schema_version": 0,
          "attributes": {
            "ami": "ami-00271c85bf8a52b84",
            "arn": "arn:aws:ec2:us-west-1:092601323290:instance/i-0c9b2ba8283e18b71",
            "associate_public_ip_address": true,
            "availability_zone": "us-west-1a",
            "credit_specification": [],
            "disable_api_stop": false,
            "disable_api_termination": false,
            "ebs_block_device": [],
            "ebs_optimized": true,
            "enclave_options": [
              {
                "enabled": false
              }
            ],
            "ephemeral_block_device": [],
            "filter": null,
            "get_password_data": false,
            "get_user_data": false,
            "host_id": "",
            "host_resource_group_arn": "",
            "iam_instance_profile": "",
            "id": "i-0c9b2ba8283e18b71",
            "instance_id": "i-0c9b2ba8283e18b71",
            "instance_state": "running",
            "instance_tags": null,
            "instance_type": "m7i-flex.large",
            "ipv6_addresses": [],
            "key_name": "Knowhere-Test",
            "launch_time": "2025-10-21T13:52:48Z",
            "maintenance_options": [
              {
                "auto_recovery": "default"
              }
            ],
            "metadata_options": [
              {
                "http_endpoint": "enabled",
                "http_protocol_ipv6": "disabled",
                "http_put_response_hop_limit": 2,
                "http_tokens": "required",
                "instance_metadata_tags": "disabled"
              }
            ],
            "monitoring": false,
            "network_interface_id": "eni-0b909a462b9fd9e5d",
            "outpost_arn": "",
            "password_data": null,
            "placement_group": "",
            "placement_partition_number": 0,
            "private_dns": "ip-172-31-29-60.us-west-1.compute.internal",
            "private_dns_name_options": [
              {
                "enable_resource_name_dns_a_record": true,
                "enable_resource_name_dns_aaaa_record": false,
                "hostname_type": "ip-name"
              }
            ],
            "private_ip": "172.31.29.60",
            "public_dns": "ec2-18-144-15-15.us-west-1.compute.amazonaws.com",
            "public_ip": "18.144.15.15",
            "root_block_device": [
              {
                "delete_on_termination": true,
                "device_name": "/dev/sda1",
                "encrypted": false,
                "iops": 3000,
                "kms_key_id": "",
                "tags": {},
                "throughput": 125,
                "volume_id": "vol-088becd430f8e5381",
                "volume_size": 50,
                "volume_type": "gp3"
              }
            ],
            "secondary_private_ips": [],
            "security_groups": [
              "default",
              "ec2-rds-1"
            ],
            "source_dest_check": true,
            "subnet_id": "subnet-0a1cbe67d4e8a1fad",
            "tags": {
              "Name": "Knowhere-Test"
            },
            "tenancy": "default",
            "timeouts": null,
            "user_data": null,
            "user_data_base64": null,
            "vpc_security_group_ids": [
              "sg-00db88058f5db1270",
              "sg-03b31ddaaee81b777"
            ]
          },
          "sensitive_attributes": []
        }
      ]
    },
    {
      "mode": "data",
      "type": "aws_key_pair",
      "name": "existing",
      "provider": "provider[\"registry.terraform.io/hashicorp/aws\"]",
      "instances": [
        {
          "index_key": 0,
          "schema_version": 0,
          "attributes": {
            "arn": "arn:aws:ec2:us-west-1:092601323290:key-pair/Knowhere-Test",
            "create_time": "2025-10-21T13:52:03Z",
            "filter": null,
            "fingerprint": "YGFFKqAHKVzllg/XB8W25n1JFS3Y7qEH//NZvj4J10Q=",
            "id": "key-044e7f14f1fdaff85",
            "include_public_key": false,
            "key_name": "Knowhere-Test",
            "key_pair_id": "key-044e7f14f1fdaff85",
            "key_type": "ed25519",
            "public_key": "",
            "tags": {},
            "timeouts": null
          },
          "sensitive_attributes": []
        }
      ]
    },
    {
      "mode": "data",
      "type": "aws_s3_bucket",
      "name": "existing",
      "provider": "provider[\"registry.terraform.io/hashicorp/aws\"]",
      "instances": [
        {
          "index_key": 0,
          "schema_version": 0,
          "attributes": {
            "arn": "arn:aws:s3:::knowhere-api-dev",
            "bucket": "knowhere-api-dev",
            "bucket_domain_name": "knowhere-api-dev.s3.amazonaws.com",
            "bucket_regional_domain_name": "knowhere-api-dev.s3.us-west-1.amazonaws.com",
            "hosted_zone_id": "Z2F56UZL2M1ACD",
            "id": "knowhere-api-dev",
            "region": "us-west-1",
            "website_domain": null,
            "website_endpoint": null
          },
          "sensitive_attributes": []
        }
      ]
    },
    {
      "mode": "data",
      "type": "aws_security_group",
      "name": "existing",
      "provider": "provider[\"registry.terraform.io/hashicorp/aws\"]",
      "instances": [
        {
          "index_key": 0,
          "schema_version": 0,
          "attributes": {
            "arn": "arn:aws:ec2:us-west-1:092601323290:security-group/sg-00db88058f5db1270",
            "description": "default VPC security group",
            "filter": null,
            "id": "sg-00db88058f5db1270",
            "name": "default",
            "tags": {},
            "timeouts": null,
            "vpc_id": "vpc-09f6daf4d60f2eb0b"
          },
          "sensitive_attributes": []
        }
      ]
    },
    {
      "mode": "data",
      "type": "aws_subnets",
      "name": "existing",
      "provider": "provider[\"registry.terraform.io/hashicorp/aws\"]",
      "instances": [
        {
          "index_key": 0,
          "schema_version": 0,
          "attributes": {
            "filter": [
              {
                "name": "vpc-id",
                "values": [
                  "vpc-09f6daf4d60f2eb0b"
                ]
              }
            ],
            "id": "us-west-1",
            "ids": [
              "subnet-0a1cbe67d4e8a1fad",
              "subnet-0a752d823a4c9d298",
              "subnet-0b41be9fe01685acf",
              "subnet-0e92c9228ec3f447e"
            ],
            "tags": null,
            "timeouts": null
          },
          "sensitive_attributes": []
        }
      ]
    },
    {
      "mode": "data",
      "type": "aws_vpc",
      "name": "existing",
      "provider": "provider[\"registry.terraform.io/hashicorp/aws\"]",
      "instances": [
        {
          "index_key": 0,
          "schema_version": 0,
          "attributes": {
            "arn": "arn:aws:ec2:us-west-1:092601323290:vpc/vpc-09f6daf4d60f2eb0b",
            "cidr_block": "172.31.0.0/16",
            "cidr_block_associations": [
              {
                "association_id": "vpc-cidr-assoc-0dae4167966a43e20",
                "cidr_block": "172.31.0.0/16",
                "state": "associated"
              }
            ],
            "default": true,
            "dhcp_options_id": "dopt-0b66b5caad266bae7",
            "enable_dns_hostnames": true,
            "enable_dns_support": true,
            "enable_network_address_usage_metrics": false,
            "filter": null,
            "id": "vpc-09f6daf4d60f2eb0b",
            "instance_tenancy": "default",
            "ipv6_association_id": "",
            "ipv6_cidr_block": "",
            "main_route_table_id": "rtb-0291566d4a689a9a9",
            "owner_id": "092601323290",
            "state": null,
            "tags": {},
            "timeouts": null
          },
          "sensitive_attributes": []
        }
      ]
    },
    {
      "mode": "managed",
      "type": "aws_cloudwatch_dashboard",
      "name": "main",
      "provider": "provider[\"registry.terraform.io/hashicorp/aws\"]",
      "instances": [
        {
          "schema_version": 0,
          "attributes": {
            "dashboard_arn": "arn:aws:cloudwatch::092601323290:dashboard/knowhere-test-dashboard",
            "dashboard_body": "{\"widgets\":[{\"height\":6,\"properties\":{\"metrics\":[[\"AWS/EC2\",\"CPUUtilization\",\"InstanceId\",\"i-0c9b2ba8283e18b71\"],[\".\",\"NetworkIn\",\".\",\".\"],[\".\",\"NetworkOut\",\".\",\".\"]],\"period\":300,\"region\":\"us-west-1\",\"stacked\":false,\"title\":\"EC2 Metrics\",\"view\":\"timeSeries\"},\"type\":\"metric\",\"width\":12,\"x\":0,\"y\":0},{\"height\":6,\"properties\":{\"metrics\":[[\"CWAgent\",\"MemoryUtilization\",\"InstanceId\",\"i-0c9b2ba8283e18b71\"],[\".\",\"DiskSpaceUtilization\",\".\",\".\",\"Filesystem\",\"/\"]],\"period\":300,\"region\":\"us-west-1\",\"stacked\":false,\"title\":\"System Metrics\",\"view\":\"timeSeries\"},\"type\":\"metric\",\"width\":12,\"x\":0,\"y\":6}]}",
            "dashboard_name": "knowhere-test-dashboard",
            "id": "knowhere-test-dashboard"
          },
          "sensitive_attributes": [],
          "private": "bnVsbA==",
          "dependencies": [
            "aws_instance.app_server",
            "data.aws_instance.existing"
          ]
        }
      ]
    },
    {
      "mode": "managed",
      "type": "aws_cloudwatch_log_group",
      "name": "api_logs",
      "provider": "provider[\"registry.terraform.io/hashicorp/aws\"]",
      "instances": [
        {
          "schema_version": 0,
          "attributes": {
            "arn": "arn:aws:logs:us-west-1:092601323290:log-group:/aws/ec2/knowhere-test/api",
            "id": "/aws/ec2/knowhere-test/api",
            "kms_key_id": "",
            "log_group_class": "STANDARD",
            "name": "/aws/ec2/knowhere-test/api",
            "name_prefix": "",
            "retention_in_days": 7,
            "skip_destroy": false,
            "tags": {
              "Environment": "test",
              "ManagedBy": "terraform",
              "Name": "knowhere-test-api-logs",
              "Owner": "knowhere-ai",
              "Project": "knowhere"
            },
            "tags_all": {
              "Environment": "test",
              "ManagedBy": "terraform",
              "Name": "knowhere-test-api-logs",
              "Owner": "knowhere-ai",
              "Project": "knowhere"
            }
          },
          "sensitive_attributes": [],
          "private": "bnVsbA=="
        }
      ]
    },
    {
      "mode": "managed",
      "type": "aws_cloudwatch_log_group",
      "name": "app_logs",
      "provider": "provider[\"registry.terraform.io/hashicorp/aws\"]",
      "instances": [
        {
          "schema_version": 0,
          "attributes": {
            "arn": "arn:aws:logs:us-west-1:092601323290:log-group:/aws/ec2/knowhere-test",
            "id": "/aws/ec2/knowhere-test",
            "kms_key_id": "",
            "log_group_class": "STANDARD",
            "name": "/aws/ec2/knowhere-test",
            "name_prefix": "",
            "retention_in_days": 7,
            "skip_destroy": false,
            "tags": {
              "Environment": "test",
              "ManagedBy": "terraform",
              "Name": "knowhere-test-logs",
              "Owner": "knowhere-ai",
              "Project": "knowhere"
            },
            "tags_all": {
              "Environment": "test",
              "ManagedBy": "terraform",
              "Name": "knowhere-test-logs",
              "Owner": "knowhere-ai",
              "Project": "knowhere"
            }
          },
          "sensitive_attributes": [],
          "private": "bnVsbA=="
        }
      ]
    },
    {
      "mode": "managed",
      "type": "aws_cloudwatch_log_group",
      "name": "nginx_logs",
      "provider": "provider[\"registry.terraform.io/hashicorp/aws\"]",
      "instances": [
        {
          "schema_version": 0,
          "attributes": {
            "arn": "arn:aws:logs:us-west-1:092601323290:log-group:/aws/ec2/knowhere-test/nginx",
            "id": "/aws/ec2/knowhere-test/nginx",
            "kms_key_id": "",
            "log_group_class": "STANDARD",
            "name": "/aws/ec2/knowhere-test/nginx",
            "name_prefix": "",
            "retention_in_days": 7,
            "skip_destroy": false,
            "tags": {
              "Environment": "test",
              "ManagedBy": "terraform",
              "Name": "knowhere-test-nginx-logs",
              "Owner": "knowhere-ai",
              "Project": "knowhere"
            },
            "tags_all": {
              "Environment": "test",
              "ManagedBy": "terraform",
              "Name": "knowhere-test-nginx-logs",
              "Owner": "knowhere-ai",
              "Project": "knowhere"
            }
          },
          "sensitive_attributes": [],
          "private": "bnVsbA=="
        }
      ]
    },
    {
      "mode": "managed",
      "type": "aws_cloudwatch_log_group",
      "name": "web_logs",
      "provider": "provider[\"registry.terraform.io/hashicorp/aws\"]",
      "instances": [
        {
          "schema_version": 0,
          "attributes": {
            "arn": "arn:aws:logs:us-west-1:092601323290:log-group:/aws/ec2/knowhere-test/web",
            "id": "/aws/ec2/knowhere-test/web",
            "kms_key_id": "",
            "log_group_class": "STANDARD",
            "name": "/aws/ec2/knowhere-test/web",
            "name_prefix": "",
            "retention_in_days": 7,
            "skip_destroy": false,
            "tags": {
              "Environment": "test",
              "ManagedBy": "terraform",
              "Name": "knowhere-test-web-logs",
              "Owner": "knowhere-ai",
              "Project": "knowhere"
            },
            "tags_all": {
              "Environment": "test",
              "ManagedBy": "terraform",
              "Name": "knowhere-test-web-logs",
              "Owner": "knowhere-ai",
              "Project": "knowhere"
            }
          },
          "sensitive_attributes": [],
          "private": "bnVsbA=="
        }
      ]
    },
    {
      "mode": "managed",
      "type": "aws_cloudwatch_log_group",
      "name": "worker_logs",
      "provider": "provider[\"registry.terraform.io/hashicorp/aws\"]",
      "instances": [
        {
          "schema_version": 0,
          "attributes": {
            "arn": "arn:aws:logs:us-west-1:092601323290:log-group:/aws/ec2/knowhere-test/worker",
            "id": "/aws/ec2/knowhere-test/worker",
            "kms_key_id": "",
            "log_group_class": "STANDARD",
            "name": "/aws/ec2/knowhere-test/worker",
            "name_prefix": "",
            "retention_in_days": 7,
            "skip_destroy": false,
            "tags": {
              "Environment": "test",
              "ManagedBy": "terraform",
              "Name": "knowhere-test-worker-logs",
              "Owner": "knowhere-ai",
              "Project": "knowhere"
            },
            "tags_all": {
              "Environment": "test",
              "ManagedBy": "terraform",
              "Name": "knowhere-test-worker-logs",
              "Owner": "knowhere-ai",
              "Project": "knowhere"
            }
          },
          "sensitive_attributes": [],
          "private": "bnVsbA=="
        }
      ]
    },
    {
      "mode": "managed",
      "type": "aws_cloudwatch_metric_alarm",
      "name": "api_health_check",
      "provider": "provider[\"registry.terraform.io/hashicorp/aws\"]",
      "instances": [
        {
          "schema_version": 1,
          "attributes": {
            "actions_enabled": true,
            "alarm_actions": null,
            "alarm_description": "This metric monitors API health check",
            "alarm_name": "knowhere-test-api-health-check",
            "arn": "arn:aws:cloudwatch:us-west-1:092601323290:alarm:knowhere-test-api-health-check",
            "comparison_operator": "LessThanThreshold",
            "datapoints_to_alarm": 0,
            "dimensions": {
              "InstanceId": "i-0c9b2ba8283e18b71"
            },
            "evaluate_low_sample_count_percentiles": "",
            "evaluation_periods": 2,
            "extended_statistic": "",
            "id": "knowhere-test-api-health-check",
            "insufficient_data_actions": null,
            "metric_name": "HealthCheck",
            "metric_query": [],
            "namespace": "Knowhere/API",
            "ok_actions": null,
            "period": 60,
            "statistic": "Average",
            "tags": {
              "Environment": "test",
              "ManagedBy": "terraform",
              "Owner": "knowhere-ai",
              "Project": "knowhere"
            },
            "tags_all": {
              "Environment": "test",
              "ManagedBy": "terraform",
              "Owner": "knowhere-ai",
              "Project": "knowhere"
            },
            "threshold": 1,
            "threshold_metric_id": "",
            "treat_missing_data": "missing",
            "unit": ""
          },
          "sensitive_attributes": [],
          "private": "eyJzY2hlbWFfdmVyc2lvbiI6IjEifQ==",
          "dependencies": [
            "aws_instance.app_server",
            "aws_sns_topic.alerts",
            "data.aws_instance.existing"
          ]
        }
      ]
    },
    {
      "mode": "managed",
      "type": "aws_cloudwatch_metric_alarm",
      "name": "cpu_high",
      "provider": "provider[\"registry.terraform.io/hashicorp/aws\"]",
      "instances": [
        {
          "schema_version": 1,
          "attributes": {
            "actions_enabled": true,
            "alarm_actions": null,
            "alarm_description": "This metric monitors ec2 cpu utilization",
            "alarm_name": "knowhere-test-cpu-high",
            "arn": "arn:aws:cloudwatch:us-west-1:092601323290:alarm:knowhere-test-cpu-high",
            "comparison_operator": "GreaterThanThreshold",
            "datapoints_to_alarm": 0,
            "dimensions": {
              "InstanceId": "i-0c9b2ba8283e18b71"
            },
            "evaluate_low_sample_count_percentiles": "",
            "evaluation_periods": 2,
            "extended_statistic": "",
            "id": "knowhere-test-cpu-high",
            "insufficient_data_actions": null,
            "metric_name": "CPUUtilization",
            "metric_query": [],
            "namespace": "AWS/EC2",
            "ok_actions": null,
            "period": 300,
            "statistic": "Average",
            "tags": {
              "Environment": "test",
              "ManagedBy": "terraform",
              "Owner": "knowhere-ai",
              "Project": "knowhere"
            },
            "tags_all": {
              "Environment": "test",
              "ManagedBy": "terraform",
              "Owner": "knowhere-ai",
              "Project": "knowhere"
            },
            "threshold": 80,
            "threshold_metric_id": "",
            "treat_missing_data": "missing",
            "unit": ""
          },
          "sensitive_attributes": [],
          "private": "eyJzY2hlbWFfdmVyc2lvbiI6IjEifQ==",
          "dependencies": [
            "aws_instance.app_server",
            "aws_sns_topic.alerts",
            "data.aws_instance.existing"
          ]
        }
      ]
    },
    {
      "mode": "managed",
      "type": "aws_cloudwatch_metric_alarm",
      "name": "disk_high",
      "provider": "provider[\"registry.terraform.io/hashicorp/aws\"]",
      "instances": [
        {
          "schema_version": 1,
          "attributes": {
            "actions_enabled": true,
            "alarm_actions": null,
            "alarm_description": "This metric monitors disk space utilization",
            "alarm_name": "knowhere-test-disk-high",
            "arn": "arn:aws:cloudwatch:us-west-1:092601323290:alarm:knowhere-test-disk-high",
            "comparison_operator": "GreaterThanThreshold",
            "datapoints_to_alarm": 0,
            "dimensions": {
              "Filesystem": "/",
              "InstanceId": "i-0c9b2ba8283e18b71"
            },
            "evaluate_low_sample_count_percentiles": "",
            "evaluation_periods": 2,
            "extended_statistic": "",
            "id": "knowhere-test-disk-high",
            "insufficient_data_actions": null,
            "metric_name": "DiskSpaceUtilization",
            "metric_query": [],
            "namespace": "CWAgent",
            "ok_actions": null,
            "period": 300,
            "statistic": "Average",
            "tags": {
              "Environment": "test",
              "ManagedBy": "terraform",
              "Owner": "knowhere-ai",
              "Project": "knowhere"
            },
            "tags_all": {
              "Environment": "test",
              "ManagedBy": "terraform",
              "Owner": "knowhere-ai",
              "Project": "knowhere"
            },
            "threshold": 90,
            "threshold_metric_id": "",
            "treat_missing_data": "missing",
            "unit": ""
          },
          "sensitive_attributes": [],
          "private": "eyJzY2hlbWFfdmVyc2lvbiI6IjEifQ==",
          "dependencies": [
            "aws_instance.app_server",
            "aws_sns_topic.alerts",
            "data.aws_instance.existing"
          ]
        }
      ]
    },
    {
      "mode": "managed",
      "type": "aws_cloudwatch_metric_alarm",
      "name": "instance_status_check",
      "provider": "provider[\"registry.terraform.io/hashicorp/aws\"]",
      "instances": [
        {
          "schema_version": 1,
          "attributes": {
            "actions_enabled": true,
            "alarm_actions": null,
            "alarm_description": "This metric monitors ec2 instance status check",
            "alarm_name": "knowhere-test-instance-status-check",
            "arn": "arn:aws:cloudwatch:us-west-1:092601323290:alarm:knowhere-test-instance-status-check",
            "comparison_operator": "GreaterThanThreshold",
            "datapoints_to_alarm": 0,
            "dimensions": {
              "InstanceId": "i-0c9b2ba8283e18b71"
            },
            "evaluate_low_sample_count_percentiles": "",
            "evaluation_periods": 2,
            "extended_statistic": "",
            "id": "knowhere-test-instance-status-check",
            "insufficient_data_actions": null,
            "metric_name": "StatusCheckFailed",
            "metric_query": [],
            "namespace": "AWS/EC2",
            "ok_actions": null,
            "period": 60,
            "statistic": "Maximum",
            "tags": {
              "Environment": "test",
              "ManagedBy": "terraform",
              "Owner": "knowhere-ai",
              "Project": "knowhere"
            },
            "tags_all": {
              "Environment": "test",
              "ManagedBy": "terraform",
              "Owner": "knowhere-ai",
              "Project": "knowhere"
            },
            "threshold": 0,
            "threshold_metric_id": "",
            "treat_missing_data": "missing",
            "unit": ""
          },
          "sensitive_attributes": [],
          "private": "eyJzY2hlbWFfdmVyc2lvbiI6IjEifQ==",
          "dependencies": [
            "aws_instance.app_server",
            "aws_sns_topic.alerts",
            "data.aws_instance.existing"
          ]
        }
      ]
    },
    {
      "mode": "managed",
      "type": "aws_cloudwatch_metric_alarm",
      "name": "memory_high",
      "provider": "provider[\"registry.terraform.io/hashicorp/aws\"]",
      "instances": [
        {
          "schema_version": 1,
          "attributes": {
            "actions_enabled": true,
            "alarm_actions": null,
            "alarm_description": "This metric monitors memory utilization",
            "alarm_name": "knowhere-test-memory-high",
            "arn": "arn:aws:cloudwatch:us-west-1:092601323290:alarm:knowhere-test-memory-high",
            "comparison_operator": "GreaterThanThreshold",
            "datapoints_to_alarm": 0,
            "dimensions": {
              "InstanceId": "i-0c9b2ba8283e18b71"
            },
            "evaluate_low_sample_count_percentiles": "",
            "evaluation_periods": 2,
            "extended_statistic": "",
            "id": "knowhere-test-memory-high",
            "insufficient_data_actions": null,
            "metric_name": "MemoryUtilization",
            "metric_query": [],
            "namespace": "CWAgent",
            "ok_actions": null,
            "period": 300,
            "statistic": "Average",
            "tags": {
              "Environment": "test",
              "ManagedBy": "terraform",
              "Owner": "knowhere-ai",
              "Project": "knowhere"
            },
            "tags_all": {
              "Environment": "test",
              "ManagedBy": "terraform",
              "Owner": "knowhere-ai",
              "Project": "knowhere"
            },
            "threshold": 85,
            "threshold_metric_id": "",
            "treat_missing_data": "missing",
            "unit": ""
          },
          "sensitive_attributes": [],
          "private": "eyJzY2hlbWFfdmVyc2lvbiI6IjEifQ==",
          "dependencies": [
            "aws_instance.app_server",
            "aws_sns_topic.alerts",
            "data.aws_instance.existing"
          ]
        }
      ]
    },
    {
      "mode": "managed",
      "type": "aws_cloudwatch_metric_alarm",
      "name": "system_status_check",
      "provider": "provider[\"registry.terraform.io/hashicorp/aws\"]",
      "instances": [
        {
          "schema_version": 1,
          "attributes": {
            "actions_enabled": true,
            "alarm_actions": null,
            "alarm_description": "This metric monitors ec2 system status check",
            "alarm_name": "knowhere-test-system-status-check",
            "arn": "arn:aws:cloudwatch:us-west-1:092601323290:alarm:knowhere-test-system-status-check",
            "comparison_operator": "GreaterThanThreshold",
            "datapoints_to_alarm": 0,
            "dimensions": {
              "InstanceId": "i-0c9b2ba8283e18b71"
            },
            "evaluate_low_sample_count_percentiles": "",
            "evaluation_periods": 2,
            "extended_statistic": "",
            "id": "knowhere-test-system-status-check",
            "insufficient_data_actions": null,
            "metric_name": "StatusCheckFailed_System",
            "metric_query": [],
            "namespace": "AWS/EC2",
            "ok_actions": null,
            "period": 60,
            "statistic": "Maximum",
            "tags": {
              "Environment": "test",
              "ManagedBy": "terraform",
              "Owner": "knowhere-ai",
              "Project": "knowhere"
            },
            "tags_all": {
              "Environment": "test",
              "ManagedBy": "terraform",
              "Owner": "knowhere-ai",
              "Project": "knowhere"
            },
            "threshold": 0,
            "threshold_metric_id": "",
            "treat_missing_data": "missing",
            "unit": ""
          },
          "sensitive_attributes": [],
          "private": "eyJzY2hlbWFfdmVyc2lvbiI6IjEifQ==",
          "dependencies": [
            "aws_instance.app_server",
            "aws_sns_topic.alerts",
            "data.aws_instance.existing"
          ]
        }
      ]
    },
    {
      "mode": "managed",
      "type": "aws_iam_instance_profile",
      "name": "app_server",
      "provider": "provider[\"registry.terraform.io/hashicorp/aws\"]",
      "instances": [
        {
          "schema_version": 0,
          "attributes": {
            "arn": "arn:aws:iam::092601323290:instance-profile/knowhere-test-app-server-profile",
            "create_date": "2025-10-21T14:29:45Z",
            "id": "knowhere-test-app-server-profile",
            "name": "knowhere-test-app-server-profile",
            "name_prefix": "",
            "path": "/",
            "role": "knowhere-test-app-server-role",
            "tags": {
              "Environment": "test",
              "ManagedBy": "terraform",
              "Owner": "knowhere-ai",
              "Project": "knowhere"
            },
            "tags_all": {
              "Environment": "test",
              "ManagedBy": "terraform",
              "Owner": "knowhere-ai",
              "Project": "knowhere"
            },
            "unique_id": "AIPARLD3YB4NKEL6HGA2F"
          },
          "sensitive_attributes": [],
          "private": "bnVsbA==",
          "dependencies": [
            "aws_iam_role.app_server"
          ]
        }
      ]
    },
    {
      "mode": "managed",
      "type": "aws_iam_policy",
      "name": "cloudwatch_agent",
      "provider": "provider[\"registry.terraform.io/hashicorp/aws\"]",
      "instances": [
        {
          "schema_version": 0,
          "attributes": {
            "arn": "arn:aws:iam::092601323290:policy/knowhere-test-cloudwatch-agent-policy",
            "attachment_count": 0,
            "description": "",
            "id": "arn:aws:iam::092601323290:policy/knowhere-test-cloudwatch-agent-policy",
            "name": "knowhere-test-cloudwatch-agent-policy",
            "name_prefix": "",
            "path": "/",
            "policy": "{\"Statement\":[{\"Action\":[\"cloudwatch:PutMetricData\",\"ec2:DescribeVolumes\",\"ec2:DescribeTags\",\"logs:PutLogEvents\",\"logs:CreateLogGroup\",\"logs:CreateLogStream\",\"logs:DescribeLogStreams\",\"logs:DescribeLogGroups\"],\"Effect\":\"Allow\",\"Resource\":\"*\"}],\"Version\":\"2012-10-17\"}",
            "policy_id": "ANPARLD3YB4NEXEMIA2KM",
            "tags": {
              "Environment": "test",
              "ManagedBy": "terraform",
              "Owner": "knowhere-ai",
              "Project": "knowhere"
            },
            "tags_all": {
              "Environment": "test",
              "ManagedBy": "terraform",
              "Owner": "knowhere-ai",
              "Project": "knowhere"
            }
          },
          "sensitive_attributes": [],
          "private": "bnVsbA=="
        }
      ]
    },
    {
      "mode": "managed",
      "type": "aws_iam_policy",
      "name": "elasticache_access",
      "provider": "provider[\"registry.terraform.io/hashicorp/aws\"]",
      "instances": [
        {
          "schema_version": 0,
          "attributes": {
            "arn": "arn:aws:iam::092601323290:policy/knowhere-test-elasticache-access-policy",
            "attachment_count": 0,
            "description": "",
            "id": "arn:aws:iam::092601323290:policy/knowhere-test-elasticache-access-policy",
            "name": "knowhere-test-elasticache-access-policy",
            "name_prefix": "",
            "path": "/",
            "policy": "{\"Statement\":[{\"Action\":[\"elasticache:DescribeReplicationGroups\",\"elasticache:DescribeCacheClusters\"],\"Effect\":\"Allow\",\"Resource\":\"*\"}],\"Version\":\"2012-10-17\"}",
            "policy_id": "ANPARLD3YB4NIQLRNMLQT",
            "tags": {
              "Environment": "test",
              "ManagedBy": "terraform",
              "Owner": "knowhere-ai",
              "Project": "knowhere"
            },
            "tags_all": {
              "Environment": "test",
              "ManagedBy": "terraform",
              "Owner": "knowhere-ai",
              "Project": "knowhere"
            }
          },
          "sensitive_attributes": [],
          "private": "bnVsbA=="
        }
      ]
    },
    {
      "mode": "managed",
      "type": "aws_iam_policy",
      "name": "rds_access",
      "provider": "provider[\"registry.terraform.io/hashicorp/aws\"]",
      "instances": [
        {
          "schema_version": 0,
          "attributes": {
            "arn": "arn:aws:iam::092601323290:policy/knowhere-test-rds-access-policy",
            "attachment_count": 0,
            "description": "",
            "id": "arn:aws:iam::092601323290:policy/knowhere-test-rds-access-policy",
            "name": "knowhere-test-rds-access-policy",
            "name_prefix": "",
            "path": "/",
            "policy": "{\"Statement\":[{\"Action\":[\"rds:DescribeDBInstances\",\"rds:DescribeDBClusters\"],\"Effect\":\"Allow\",\"Resource\":\"*\"}],\"Version\":\"2012-10-17\"}",
            "policy_id": "ANPARLD3YB4NKYUHE7YUU",
            "tags": {
              "Environment": "test",
              "ManagedBy": "terraform",
              "Owner": "knowhere-ai",
              "Project": "knowhere"
            },
            "tags_all": {
              "Environment": "test",
              "ManagedBy": "terraform",
              "Owner": "knowhere-ai",
              "Project": "knowhere"
            }
          },
          "sensitive_attributes": [],
          "private": "bnVsbA=="
        }
      ]
    },
    {
      "mode": "managed",
      "type": "aws_iam_policy",
      "name": "s3_access",
      "provider": "provider[\"registry.terraform.io/hashicorp/aws\"]",
      "instances": [
        {
          "schema_version": 0,
          "attributes": {
            "arn": "arn:aws:iam::092601323290:policy/knowhere-test-s3-access-policy",
            "attachment_count": 0,
            "description": "",
            "id": "arn:aws:iam::092601323290:policy/knowhere-test-s3-access-policy",
            "name": "knowhere-test-s3-access-policy",
            "name_prefix": "",
            "path": "/",
            "policy": "{\"Statement\":[{\"Action\":[\"s3:GetObject\",\"s3:PutObject\",\"s3:DeleteObject\",\"s3:ListBucket\"],\"Effect\":\"Allow\",\"Resource\":[\"arn:aws:s3:::knowhere-api-dev\",\"arn:aws:s3:::knowhere-api-dev/*\"]}],\"Version\":\"2012-10-17\"}",
            "policy_id": "ANPARLD3YB4NFC5E22MWG",
            "tags": {
              "Environment": "test",
              "ManagedBy": "terraform",
              "Owner": "knowhere-ai",
              "Project": "knowhere"
            },
            "tags_all": {
              "Environment": "test",
              "ManagedBy": "terraform",
              "Owner": "knowhere-ai",
              "Project": "knowhere"
            }
          },
          "sensitive_attributes": [],
          "private": "bnVsbA==",
          "dependencies": [
            "aws_s3_bucket.main",
            "data.aws_s3_bucket.existing"
          ]
        }
      ]
    },
    {
      "mode": "managed",
      "type": "aws_iam_policy",
      "name": "secrets_manager",
      "provider": "provider[\"registry.terraform.io/hashicorp/aws\"]",
      "instances": [
        {
          "schema_version": 0,
          "attributes": {
            "arn": "arn:aws:iam::092601323290:policy/knowhere-test-secrets-manager-policy",
            "attachment_count": 0,
            "description": "",
            "id": "arn:aws:iam::092601323290:policy/knowhere-test-secrets-manager-policy",
            "name": "knowhere-test-secrets-manager-policy",
            "name_prefix": "",
            "path": "/",
            "policy": "{\"Statement\":[{\"Action\":[\"secretsmanager:GetSecretValue\",\"secretsmanager:DescribeSecret\"],\"Effect\":\"Allow\",\"Resource\":[\"arn:aws:secretsmanager:us-west-1:092601323290:secret:knowhere/*\"]}],\"Version\":\"2012-10-17\"}",
            "policy_id": "ANPARLD3YB4NOMLS3KZ7Q",
            "tags": {
              "Environment": "test",
              "ManagedBy": "terraform",
              "Owner": "knowhere-ai",
              "Project": "knowhere"
            },
            "tags_all": {
              "Environment": "test",
              "ManagedBy": "terraform",
              "Owner": "knowhere-ai",
              "Project": "knowhere"
            }
          },
          "sensitive_attributes": [],
          "private": "bnVsbA==",
          "dependencies": [
            "data.aws_caller_identity.current"
          ]
        }
      ]
    },
    {
      "mode": "managed",
      "type": "aws_iam_policy",
      "name": "ssm_access",
      "provider": "provider[\"registry.terraform.io/hashicorp/aws\"]",
      "instances": [
        {
          "schema_version": 0,
          "attributes": {
            "arn": "arn:aws:iam::092601323290:policy/knowhere-test-ssm-access-policy",
            "attachment_count": 0,
            "description": "",
            "id": "arn:aws:iam::092601323290:policy/knowhere-test-ssm-access-policy",
            "name": "knowhere-test-ssm-access-policy",
            "name_prefix": "",
            "path": "/",
            "policy": "{\"Statement\":[{\"Action\":[\"ssm:UpdateInstanceInformation\",\"ssmmessages:CreateControlChannel\",\"ssmmessages:CreateDataChannel\",\"ssmmessages:OpenControlChannel\",\"ssmmessages:OpenDataChannel\"],\"Effect\":\"Allow\",\"Resource\":\"*\"}],\"Version\":\"2012-10-17\"}",
            "policy_id": "ANPARLD3YB4NFOZ47G2NV",
            "tags": {
              "Environment": "test",
              "ManagedBy": "terraform",
              "Owner": "knowhere-ai",
              "Project": "knowhere"
            },
            "tags_all": {
              "Environment": "test",
              "ManagedBy": "terraform",
              "Owner": "knowhere-ai",
              "Project": "knowhere"
            }
          },
          "sensitive_attributes": [],
          "private": "bnVsbA=="
        }
      ]
    },
    {
      "mode": "managed",
      "type": "aws_iam_role",
      "name": "app_server",
      "provider": "provider[\"registry.terraform.io/hashicorp/aws\"]",
      "instances": [
        {
          "schema_version": 0,
          "attributes": {
            "arn": "arn:aws:iam::092601323290:role/knowhere-test-app-server-role",
            "assume_role_policy": "{\"Statement\":[{\"Action\":\"sts:AssumeRole\",\"Effect\":\"Allow\",\"Principal\":{\"Service\":\"ec2.amazonaws.com\"}}],\"Version\":\"2012-10-17\"}",
            "create_date": "2025-10-21T14:29:42Z",
            "description": "",
            "force_detach_policies": false,
            "id": "knowhere-test-app-server-role",
            "inline_policy": [],
            "managed_policy_arns": [],
            "max_session_duration": 3600,
            "name": "knowhere-test-app-server-role",
            "name_prefix": "",
            "path": "/",
            "permissions_boundary": "",
            "tags": {
              "Environment": "test",
              "ManagedBy": "terraform",
              "Owner": "knowhere-ai",
              "Project": "knowhere"
            },
            "tags_all": {
              "Environment": "test",
              "ManagedBy": "terraform",
              "Owner": "knowhere-ai",
              "Project": "knowhere"
            },
            "unique_id": "AROARLD3YB4NIAVJJXRY2"
          },
          "sensitive_attributes": [],
          "private": "bnVsbA=="
        }
      ]
    },
    {
      "mode": "managed",
      "type": "aws_iam_role_policy_attachment",
      "name": "cloudwatch_agent",
      "provider": "provider[\"registry.terraform.io/hashicorp/aws\"]",
      "instances": [
        {
          "schema_version": 0,
          "attributes": {
            "id": "knowhere-test-app-server-role-20251021142946003700000008",
            "policy_arn": "arn:aws:iam::092601323290:policy/knowhere-test-cloudwatch-agent-policy",
            "role": "knowhere-test-app-server-role"
          },
          "sensitive_attributes": [],
          "private": "bnVsbA==",
          "dependencies": [
            "aws_iam_policy.cloudwatch_agent",
            "aws_iam_role.app_server"
          ]
        }
      ]
    },
    {
      "mode": "managed",
      "type": "aws_iam_role_policy_attachment",
      "name": "elasticache_access",
      "provider": "provider[\"registry.terraform.io/hashicorp/aws\"]",
      "instances": [
        {
          "schema_version": 0,
          "attributes": {
            "id": "knowhere-test-app-server-role-20251021142945324900000002",
            "policy_arn": "arn:aws:iam::092601323290:policy/knowhere-test-elasticache-access-policy",
            "role": "knowhere-test-app-server-role"
          },
          "sensitive_attributes": [],
          "private": "bnVsbA==",
          "dependencies": [
            "aws_iam_policy.elasticache_access",
            "aws_iam_role.app_server"
          ]
        }
      ]
    },
    {
      "mode": "managed",
      "type": "aws_iam_role_policy_attachment",
      "name": "rds_access",
      "provider": "provider[\"registry.terraform.io/hashicorp/aws\"]",
      "instances": [
        {
          "schema_version": 0,
          "attributes": {
            "id": "knowhere-test-app-server-role-20251021142945991900000007",
            "policy_arn": "arn:aws:iam::092601323290:policy/knowhere-test-rds-access-policy",
            "role": "knowhere-test-app-server-role"
          },
          "sensitive_attributes": [],
          "private": "bnVsbA==",
          "dependencies": [
            "aws_iam_policy.rds_access",
            "aws_iam_role.app_server"
          ]
        }
      ]
    },
    {
      "mode": "managed",
      "type": "aws_iam_role_policy_attachment",
      "name": "s3_access",
      "provider": "provider[\"registry.terraform.io/hashicorp/aws\"]",
      "instances": [
        {
          "schema_version": 0,
          "attributes": {
            "id": "knowhere-test-app-server-role-20251021142945468200000004",
            "policy_arn": "arn:aws:iam::092601323290:policy/knowhere-test-s3-access-policy",
            "role": "knowhere-test-app-server-role"
          },
          "sensitive_attributes": [],
          "private": "bnVsbA==",
          "dependencies": [
            "aws_iam_policy.s3_access",
            "aws_iam_role.app_server",
            "aws_s3_bucket.main",
            "data.aws_s3_bucket.existing"
          ]
        }
      ]
    },
    {
      "mode": "managed",
      "type": "aws_iam_role_policy_attachment",
      "name": "secrets_manager",
      "provider": "provider[\"registry.terraform.io/hashicorp/aws\"]",
      "instances": [
        {
          "schema_version": 0,
          "attributes": {
            "id": "knowhere-test-app-server-role-20251021142945770200000006",
            "policy_arn": "arn:aws:iam::092601323290:policy/knowhere-test-secrets-manager-policy",
            "role": "knowhere-test-app-server-role"
          },
          "sensitive_attributes": [],
          "private": "bnVsbA==",
          "dependencies": [
            "aws_iam_policy.secrets_manager",
            "aws_iam_role.app_server",
            "data.aws_caller_identity.current"
          ]
        }
      ]
    },
    {
      "mode": "managed",
      "type": "aws_iam_role_policy_attachment",
      "name": "ssm_access",
      "provider": "provider[\"registry.terraform.io/hashicorp/aws\"]",
      "instances": [
        {
          "schema_version": 0,
          "attributes": {
            "id": "knowhere-test-app-server-role-20251021142945486200000005",
            "policy_arn": "arn:aws:iam::092601323290:policy/knowhere-test-ssm-access-policy",
            "role": "knowhere-test-app-server-role"
          },
          "sensitive_attributes": [],
          "private": "bnVsbA==",
          "dependencies": [
            "aws_iam_policy.ssm_access",
            "aws_iam_role.app_server"
          ]
        }
      ]
    },
    {
      "mode": "managed",
      "type": "aws_iam_role_policy_attachment",
      "name": "ssm_managed_instance_core",
      "provider": "provider[\"registry.terraform.io/hashicorp/aws\"]",
      "instances": [
        {
          "schema_version": 0,
          "attributes": {
            "id": "knowhere-test-app-server-role-20251021142945338300000003",
            "policy_arn": "arn:aws:iam::aws:policy/AmazonSSMManagedInstanceCore",
            "role": "knowhere-test-app-server-role"
          },
          "sensitive_attributes": [],
          "private": "bnVsbA==",
          "dependencies": [
            "aws_iam_role.app_server"
          ]
        }
      ]
    },
    {
      "mode": "managed",
      "type": "aws_instance",
      "name": "app_server",
      "provider": "provider[\"registry.terraform.io/hashicorp/aws\"]",
      "instances": []
    },
    {
      "mode": "managed",
      "type": "aws_s3_bucket",
      "name": "main",
      "provider": "provider[\"registry.terraform.io/hashicorp/aws\"]",
      "instances": []
    },
    {
      "mode": "managed",
      "type": "aws_secretsmanager_secret_version",
      "name": "redis_password",
      "provider": "provider[\"registry.terraform.io/hashicorp/aws\"]",
      "instances": []
    },
    {
      "mode": "managed",
      "type": "aws_security_group",
      "name": "app_server",
      "provider": "provider[\"registry.terraform.io/hashicorp/aws\"]",
      "instances": []
    },
    {
      "mode": "managed",
      "type": "aws_sns_topic",
      "name": "alerts",
      "provider": "provider[\"registry.terraform.io/hashicorp/aws\"]",
      "instances": []
    },
    {
      "mode": "managed",
      "type": "aws_subnet",
      "name": "private",
      "provider": "provider[\"registry.terraform.io/hashicorp/aws\"]",
      "instances": []
    },
    {
      "mode": "managed",
      "type": "aws_vpc",
      "name": "main",
      "provider": "provider[\"registry.terraform.io/hashicorp/aws\"]",
      "instances": []
    }
  ],
  "check_results": null
}
